// !$*UTF8*$!
{
	archiveVersion = 1;
	classes = {
	};
	objectVersion = 50;
	objects = {

/* Begin PBXBuildFile section */
		F703AFE222B27241003AE44A /* FloatStackController.swift in Sources */ = {isa = PBXBuildFile; fileRef = F703AFE122B27241003AE44A /* FloatStackController.swift */; };
		F703AFE422B272B8003AE44A /* FloatingViewLayoutConstraintParameter.swift in Sources */ = {isa = PBXBuildFile; fileRef = F703AFE322B272B8003AE44A /* FloatingViewLayoutConstraintParameter.swift */; };
		F703AFE622B390F6003AE44A /* FloatViewTransitionObservable.swift in Sources */ = {isa = PBXBuildFile; fileRef = F703AFE522B390F6003AE44A /* FloatViewTransitionObservable.swift */; };
		F703AFE822B39115003AE44A /* FloatViewTransitionable.swift in Sources */ = {isa = PBXBuildFile; fileRef = F703AFE722B39115003AE44A /* FloatViewTransitionable.swift */; };
		F703AFEA22B39142003AE44A /* FloatViewTransitionCoordinator.swift in Sources */ = {isa = PBXBuildFile; fileRef = F703AFE922B39142003AE44A /* FloatViewTransitionCoordinator.swift */; };
		F731DF1F238BACBB00455A97 /* FloatViewNotification.swift in Sources */ = {isa = PBXBuildFile; fileRef = F731DF1E238BACBB00455A97 /* FloatViewNotification.swift */; };
		F78D61CC2391249E00993942 /* FloatingNavigationController.swift in Sources */ = {isa = PBXBuildFile; fileRef = F78D61CB2391249E00993942 /* FloatingNavigationController.swift */; };
		F78D61CE239126AB00993942 /* Floatable.swift in Sources */ = {isa = PBXBuildFile; fileRef = F78D61CD239126AB00993942 /* Floatable.swift */; };
		F78D61D22393656D00993942 /* MyTableViewController.swift in Sources */ = {isa = PBXBuildFile; fileRef = F78D61D12393656D00993942 /* MyTableViewController.swift */; };
		F78D61D62393FA5800993942 /* FloatingNavigationView.swift in Sources */ = {isa = PBXBuildFile; fileRef = F78D61D52393FA5800993942 /* FloatingNavigationView.swift */; };
		F78D61DA239505DB00993942 /* TextFieldNavigationView.swift in Sources */ = {isa = PBXBuildFile; fileRef = F78D61D9239505DB00993942 /* TextFieldNavigationView.swift */; };
		F79EA661238FFC7900C1E8F9 /* CoverShadowView.swift in Sources */ = {isa = PBXBuildFile; fileRef = F79EA660238FFC7900C1E8F9 /* CoverShadowView.swift */; };
		F7AFB7E822A39CB100DE2D44 /* AppDelegate.swift in Sources */ = {isa = PBXBuildFile; fileRef = F7AFB7E722A39CB100DE2D44 /* AppDelegate.swift */; };
		F7AFB7EA22A39CB100DE2D44 /* ViewController.swift in Sources */ = {isa = PBXBuildFile; fileRef = F7AFB7E922A39CB100DE2D44 /* ViewController.swift */; };
		F7AFB7ED22A39CB100DE2D44 /* Main.storyboard in Resources */ = {isa = PBXBuildFile; fileRef = F7AFB7EB22A39CB100DE2D44 /* Main.storyboard */; };
		F7AFB7EF22A39CB300DE2D44 /* Assets.xcassets in Resources */ = {isa = PBXBuildFile; fileRef = F7AFB7EE22A39CB300DE2D44 /* Assets.xcassets */; };
		F7AFB7F222A39CB300DE2D44 /* LaunchScreen.storyboard in Resources */ = {isa = PBXBuildFile; fileRef = F7AFB7F022A39CB300DE2D44 /* LaunchScreen.storyboard */; };
		F7AFB7FA22A3A14900DE2D44 /* FloatStackViewController.swift in Sources */ = {isa = PBXBuildFile; fileRef = F7AFB7F922A3A14900DE2D44 /* FloatStackViewController.swift */; };
		F7AFB7FC22A3A18500DE2D44 /* FloatStackViewController.storyboard in Resources */ = {isa = PBXBuildFile; fileRef = F7AFB7FB22A3A18500DE2D44 /* FloatStackViewController.storyboard */; };
		F7AFB7FE22A3AABF00DE2D44 /* FloatingViewController.swift in Sources */ = {isa = PBXBuildFile; fileRef = F7AFB7FD22A3AABF00DE2D44 /* FloatingViewController.swift */; };
		F7AFB80022A3AE6C00DE2D44 /* TestTableViewController.swift in Sources */ = {isa = PBXBuildFile; fileRef = F7AFB7FF22A3AE6C00DE2D44 /* TestTableViewController.swift */; };
		F7AFB80222A3AE8A00DE2D44 /* TestTableViewController.storyboard in Resources */ = {isa = PBXBuildFile; fileRef = F7AFB80122A3AE8A00DE2D44 /* TestTableViewController.storyboard */; };
/* End PBXBuildFile section */

/* Begin PBXFileReference section */
		F703AFE122B27241003AE44A /* FloatStackController.swift */ = {isa = PBXFileReference; lastKnownFileType = sourcecode.swift; path = FloatStackController.swift; sourceTree = "<group>"; };
		F703AFE322B272B8003AE44A /* FloatingViewLayoutConstraintParameter.swift */ = {isa = PBXFileReference; lastKnownFileType = sourcecode.swift; path = FloatingViewLayoutConstraintParameter.swift; sourceTree = "<group>"; };
		F703AFE522B390F6003AE44A /* FloatViewTransitionObservable.swift */ = {isa = PBXFileReference; lastKnownFileType = sourcecode.swift; path = FloatViewTransitionObservable.swift; sourceTree = "<group>"; };
		F703AFE722B39115003AE44A /* FloatViewTransitionable.swift */ = {isa = PBXFileReference; lastKnownFileType = sourcecode.swift; path = FloatViewTransitionable.swift; sourceTree = "<group>"; };
		F703AFE922B39142003AE44A /* FloatViewTransitionCoordinator.swift */ = {isa = PBXFileReference; lastKnownFileType = sourcecode.swift; path = FloatViewTransitionCoordinator.swift; sourceTree = "<group>"; };
		F731DF1E238BACBB00455A97 /* FloatViewNotification.swift */ = {isa = PBXFileReference; lastKnownFileType = sourcecode.swift; path = FloatViewNotification.swift; sourceTree = "<group>"; };
		F78D61CB2391249E00993942 /* FloatingNavigationController.swift */ = {isa = PBXFileReference; lastKnownFileType = sourcecode.swift; path = FloatingNavigationController.swift; sourceTree = "<group>"; };
		F78D61CD239126AB00993942 /* Floatable.swift */ = {isa = PBXFileReference; lastKnownFileType = sourcecode.swift; path = Floatable.swift; sourceTree = "<group>"; };
		F78D61D12393656D00993942 /* MyTableViewController.swift */ = {isa = PBXFileReference; lastKnownFileType = sourcecode.swift; path = MyTableViewController.swift; sourceTree = "<group>"; };
		F78D61D52393FA5800993942 /* FloatingNavigationView.swift */ = {isa = PBXFileReference; lastKnownFileType = sourcecode.swift; path = FloatingNavigationView.swift; sourceTree = "<group>"; };
		F78D61D9239505DB00993942 /* TextFieldNavigationView.swift */ = {isa = PBXFileReference; lastKnownFileType = sourcecode.swift; path = TextFieldNavigationView.swift; sourceTree = "<group>"; };
		F79EA660238FFC7900C1E8F9 /* CoverShadowView.swift */ = {isa = PBXFileReference; lastKnownFileType = sourcecode.swift; path = CoverShadowView.swift; sourceTree = "<group>"; };
		F7AFB7E422A39CB100DE2D44 /* FloatingViewController.app */ = {isa = PBXFileReference; explicitFileType = wrapper.application; includeInIndex = 0; path = FloatingViewController.app; sourceTree = BUILT_PRODUCTS_DIR; };
		F7AFB7E722A39CB100DE2D44 /* AppDelegate.swift */ = {isa = PBXFileReference; lastKnownFileType = sourcecode.swift; path = AppDelegate.swift; sourceTree = "<group>"; };
		F7AFB7E922A39CB100DE2D44 /* ViewController.swift */ = {isa = PBXFileReference; lastKnownFileType = sourcecode.swift; path = ViewController.swift; sourceTree = "<group>"; };
		F7AFB7EC22A39CB100DE2D44 /* Base */ = {isa = PBXFileReference; lastKnownFileType = file.storyboard; name = Base; path = Base.lproj/Main.storyboard; sourceTree = "<group>"; };
		F7AFB7EE22A39CB300DE2D44 /* Assets.xcassets */ = {isa = PBXFileReference; lastKnownFileType = folder.assetcatalog; path = Assets.xcassets; sourceTree = "<group>"; };
		F7AFB7F122A39CB300DE2D44 /* Base */ = {isa = PBXFileReference; lastKnownFileType = file.storyboard; name = Base; path = Base.lproj/LaunchScreen.storyboard; sourceTree = "<group>"; };
		F7AFB7F322A39CB300DE2D44 /* Info.plist */ = {isa = PBXFileReference; lastKnownFileType = text.plist.xml; path = Info.plist; sourceTree = "<group>"; };
		F7AFB7F922A3A14900DE2D44 /* FloatStackViewController.swift */ = {isa = PBXFileReference; lastKnownFileType = sourcecode.swift; path = FloatStackViewController.swift; sourceTree = "<group>"; };
		F7AFB7FB22A3A18500DE2D44 /* FloatStackViewController.storyboard */ = {isa = PBXFileReference; lastKnownFileType = file.storyboard; path = FloatStackViewController.storyboard; sourceTree = "<group>"; };
		F7AFB7FD22A3AABF00DE2D44 /* FloatingViewController.swift */ = {isa = PBXFileReference; lastKnownFileType = sourcecode.swift; path = FloatingViewController.swift; sourceTree = "<group>"; };
		F7AFB7FF22A3AE6C00DE2D44 /* TestTableViewController.swift */ = {isa = PBXFileReference; lastKnownFileType = sourcecode.swift; path = TestTableViewController.swift; sourceTree = "<group>"; };
		F7AFB80122A3AE8A00DE2D44 /* TestTableViewController.storyboard */ = {isa = PBXFileReference; lastKnownFileType = file.storyboard; path = TestTableViewController.storyboard; sourceTree = "<group>"; };
/* End PBXFileReference section */

/* Begin PBXFrameworksBuildPhase section */
		F7AFB7E122A39CB100DE2D44 /* Frameworks */ = {
			isa = PBXFrameworksBuildPhase;
			buildActionMask = 2147483647;
			files = (
			);
			runOnlyForDeploymentPostprocessing = 0;
		};
/* End PBXFrameworksBuildPhase section */

/* Begin PBXGroup section */
		F703AFEB22B3917B003AE44A /* Protocol */ = {
			isa = PBXGroup;
			children = (
				F703AFE722B39115003AE44A /* FloatViewTransitionable.swift */,
				F703AFE522B390F6003AE44A /* FloatViewTransitionObservable.swift */,
				F78D61CD239126AB00993942 /* Floatable.swift */,
			);
			path = Protocol;
			sourceTree = "<group>";
		};
		F703AFEC22B39188003AE44A /* Model */ = {
			isa = PBXGroup;
			children = (
				F703AFE322B272B8003AE44A /* FloatingViewLayoutConstraintParameter.swift */,
			);
			path = Model;
			sourceTree = "<group>";
		};
		F703AFED22B39196003AE44A /* Controller */ = {
			isa = PBXGroup;
			children = (
				F703AFE122B27241003AE44A /* FloatStackController.swift */,
				F703AFE922B39142003AE44A /* FloatViewTransitionCoordinator.swift */,
			);
			path = Controller;
			sourceTree = "<group>";
		};
		F78D61D72395033200993942 /* View */ = {
			isa = PBXGroup;
			children = (
				F78D61D52393FA5800993942 /* FloatingNavigationView.swift */,
			);
			path = View;
			sourceTree = "<group>";
		};
		F78D61D82395033D00993942 /* TestClasses */ = {
			isa = PBXGroup;
			children = (
				F7AFB7FF22A3AE6C00DE2D44 /* TestTableViewController.swift */,
				F7AFB80122A3AE8A00DE2D44 /* TestTableViewController.storyboard */,
				F78D61D12393656D00993942 /* MyTableViewController.swift */,
				F78D61D9239505DB00993942 /* TextFieldNavigationView.swift */,
			);
			path = TestClasses;
			sourceTree = "<group>";
		};
		F7AFB7DB22A39CB100DE2D44 = {
			isa = PBXGroup;
			children = (
				F7AFB7E622A39CB100DE2D44 /* FloatingViewController */,
				F7AFB7E522A39CB100DE2D44 /* Products */,
			);
			sourceTree = "<group>";
		};
		F7AFB7E522A39CB100DE2D44 /* Products */ = {
			isa = PBXGroup;
			children = (
				F7AFB7E422A39CB100DE2D44 /* FloatingViewController.app */,
			);
			name = Products;
			sourceTree = "<group>";
		};
		F7AFB7E622A39CB100DE2D44 /* FloatingViewController */ = {
			isa = PBXGroup;
			children = (
				F7AFB7E722A39CB100DE2D44 /* AppDelegate.swift */,
				F7AFB7E922A39CB100DE2D44 /* ViewController.swift */,
				F7AFB7EB22A39CB100DE2D44 /* Main.storyboard */,
				F7AFB7F922A3A14900DE2D44 /* FloatStackViewController.swift */,
				F7AFB7FB22A3A18500DE2D44 /* FloatStackViewController.storyboard */,
				F7AFB7FD22A3AABF00DE2D44 /* FloatingViewController.swift */,
				F78D61CB2391249E00993942 /* FloatingNavigationController.swift */,
				F731DF1E238BACBB00455A97 /* FloatViewNotification.swift */,
				F79EA660238FFC7900C1E8F9 /* CoverShadowView.swift */,
				F703AFED22B39196003AE44A /* Controller */,
				F703AFEB22B3917B003AE44A /* Protocol */,
				F703AFEC22B39188003AE44A /* Model */,
				F78D61D72395033200993942 /* View */,
				F78D61D82395033D00993942 /* TestClasses */,
				F7AFB7EE22A39CB300DE2D44 /* Assets.xcassets */,
				F7AFB7F022A39CB300DE2D44 /* LaunchScreen.storyboard */,
				F7AFB7F322A39CB300DE2D44 /* Info.plist */,
			);
			path = FloatingViewController;
			sourceTree = "<group>";
		};
/* End PBXGroup section */

/* Begin PBXNativeTarget section */
		F7AFB7E322A39CB100DE2D44 /* FloatingViewController */ = {
			isa = PBXNativeTarget;
			buildConfigurationList = F7AFB7F622A39CB300DE2D44 /* Build configuration list for PBXNativeTarget "FloatingViewController" */;
			buildPhases = (
				F7AFB7E022A39CB100DE2D44 /* Sources */,
				F7AFB7E122A39CB100DE2D44 /* Frameworks */,
				F7AFB7E222A39CB100DE2D44 /* Resources */,
			);
			buildRules = (
			);
			dependencies = (
			);
			name = FloatingViewController;
			productName = FloatingViewController;
			productReference = F7AFB7E422A39CB100DE2D44 /* FloatingViewController.app */;
			productType = "com.apple.product-type.application";
		};
/* End PBXNativeTarget section */

/* Begin PBXProject section */
		F7AFB7DC22A39CB100DE2D44 /* Project object */ = {
			isa = PBXProject;
			attributes = {
				LastSwiftUpdateCheck = 1020;
				LastUpgradeCheck = 1020;
				ORGANIZATIONNAME = "Masayuki Ikeda";
				TargetAttributes = {
					F7AFB7E322A39CB100DE2D44 = {
						CreatedOnToolsVersion = 10.2.1;
					};
				};
			};
			buildConfigurationList = F7AFB7DF22A39CB100DE2D44 /* Build configuration list for PBXProject "FloatingViewController" */;
			compatibilityVersion = "Xcode 9.3";
			developmentRegion = en;
			hasScannedForEncodings = 0;
			knownRegions = (
				en,
				Base,
			);
			mainGroup = F7AFB7DB22A39CB100DE2D44;
			productRefGroup = F7AFB7E522A39CB100DE2D44 /* Products */;
			projectDirPath = "";
			projectRoot = "";
			targets = (
				F7AFB7E322A39CB100DE2D44 /* FloatingViewController */,
			);
		};
/* End PBXProject section */

/* Begin PBXResourcesBuildPhase section */
		F7AFB7E222A39CB100DE2D44 /* Resources */ = {
			isa = PBXResourcesBuildPhase;
			buildActionMask = 2147483647;
			files = (
				F7AFB7F222A39CB300DE2D44 /* LaunchScreen.storyboard in Resources */,
				F7AFB80222A3AE8A00DE2D44 /* TestTableViewController.storyboard in Resources */,
				F7AFB7FC22A3A18500DE2D44 /* FloatStackViewController.storyboard in Resources */,
				F7AFB7EF22A39CB300DE2D44 /* Assets.xcassets in Resources */,
				F7AFB7ED22A39CB100DE2D44 /* Main.storyboard in Resources */,
			);
			runOnlyForDeploymentPostprocessing = 0;
		};
/* End PBXResourcesBuildPhase section */

/* Begin PBXSourcesBuildPhase section */
		F7AFB7E022A39CB100DE2D44 /* Sources */ = {
			isa = PBXSourcesBuildPhase;
			buildActionMask = 2147483647;
			files = (
				F78D61CE239126AB00993942 /* Floatable.swift in Sources */,
				F78D61CC2391249E00993942 /* FloatingNavigationController.swift in Sources */,
				F78D61DA239505DB00993942 /* TextFieldNavigationView.swift in Sources */,
				F79EA661238FFC7900C1E8F9 /* CoverShadowView.swift in Sources */,
				F7AFB7FA22A3A14900DE2D44 /* FloatStackViewController.swift in Sources */,
				F703AFE222B27241003AE44A /* FloatStackController.swift in Sources */,
				F731DF1F238BACBB00455A97 /* FloatViewNotification.swift in Sources */,
				F78D61D62393FA5800993942 /* FloatingNavigationView.swift in Sources */,
				F703AFEA22B39142003AE44A /* FloatViewTransitionCoordinator.swift in Sources */,
				F703AFE422B272B8003AE44A /* FloatingViewLayoutConstraintParameter.swift in Sources */,
				F703AFE822B39115003AE44A /* FloatViewTransitionable.swift in Sources */,
				F7AFB80022A3AE6C00DE2D44 /* TestTableViewController.swift in Sources */,
				F7AFB7EA22A39CB100DE2D44 /* ViewController.swift in Sources */,
				F7AFB7FE22A3AABF00DE2D44 /* FloatingViewController.swift in Sources */,
				F7AFB7E822A39CB100DE2D44 /* AppDelegate.swift in Sources */,
				F78D61D22393656D00993942 /* MyTableViewController.swift in Sources */,
				F703AFE622B390F6003AE44A /* FloatViewTransitionObservable.swift in Sources */,
			);
			runOnlyForDeploymentPostprocessing = 0;
		};
/* End PBXSourcesBuildPhase section */

/* Begin PBXVariantGroup section */
		F7AFB7EB22A39CB100DE2D44 /* Main.storyboard */ = {
			isa = PBXVariantGroup;
			children = (
				F7AFB7EC22A39CB100DE2D44 /* Base */,
			);
			name = Main.storyboard;
			sourceTree = "<group>";
		};
		F7AFB7F022A39CB300DE2D44 /* LaunchScreen.storyboard */ = {
			isa = PBXVariantGroup;
			children = (
				F7AFB7F122A39CB300DE2D44 /* Base */,
			);
			name = LaunchScreen.storyboard;
			sourceTree = "<group>";
		};
/* End PBXVariantGroup section */

/* Begin XCBuildConfiguration section */
		F7AFB7F422A39CB300DE2D44 /* Debug */ = {
			isa = XCBuildConfiguration;
			buildSettings = {
				ALWAYS_SEARCH_USER_PATHS = NO;
				CLANG_ANALYZER_NONNULL = YES;
				CLANG_ANALYZER_NUMBER_OBJECT_CONVERSION = YES_AGGRESSIVE;
				CLANG_CXX_LANGUAGE_STANDARD = "gnu++14";
				CLANG_CXX_LIBRARY = "libc++";
				CLANG_ENABLE_MODULES = YES;
				CLANG_ENABLE_OBJC_ARC = YES;
				CLANG_ENABLE_OBJC_WEAK = YES;
				CLANG_WARN_BLOCK_CAPTURE_AUTORELEASING = YES;
				CLANG_WARN_BOOL_CONVERSION = YES;
				CLANG_WARN_COMMA = YES;
				CLANG_WARN_CONSTANT_CONVERSION = YES;
				CLANG_WARN_DEPRECATED_OBJC_IMPLEMENTATIONS = YES;
				CLANG_WARN_DIRECT_OBJC_ISA_USAGE = YES_ERROR;
				CLANG_WARN_DOCUMENTATION_COMMENTS = YES;
				CLANG_WARN_EMPTY_BODY = YES;
				CLANG_WARN_ENUM_CONVERSION = YES;
				CLANG_WARN_INFINITE_RECURSION = YES;
				CLANG_WARN_INT_CONVERSION = YES;
				CLANG_WARN_NON_LITERAL_NULL_CONVERSION = YES;
				CLANG_WARN_OBJC_IMPLICIT_RETAIN_SELF = YES;
				CLANG_WARN_OBJC_LITERAL_CONVERSION = YES;
				CLANG_WARN_OBJC_ROOT_CLASS = YES_ERROR;
				CLANG_WARN_RANGE_LOOP_ANALYSIS = YES;
				CLANG_WARN_STRICT_PROTOTYPES = YES;
				CLANG_WARN_SUSPICIOUS_MOVE = YES;
				CLANG_WARN_UNGUARDED_AVAILABILITY = YES_AGGRESSIVE;
				CLANG_WARN_UNREACHABLE_CODE = YES;
				CLANG_WARN__DUPLICATE_METHOD_MATCH = YES;
				CODE_SIGN_IDENTITY = "iPhone Developer";
				COPY_PHASE_STRIP = NO;
				DEBUG_INFORMATION_FORMAT = dwarf;
				ENABLE_STRICT_OBJC_MSGSEND = YES;
				ENABLE_TESTABILITY = YES;
				GCC_C_LANGUAGE_STANDARD = gnu11;
				GCC_DYNAMIC_NO_PIC = NO;
				GCC_NO_COMMON_BLOCKS = YES;
				GCC_OPTIMIZATION_LEVEL = 0;
				GCC_PREPROCESSOR_DEFINITIONS = (
					"DEBUG=1",
					"$(inherited)",
				);
				GCC_WARN_64_TO_32_BIT_CONVERSION = YES;
				GCC_WARN_ABOUT_RETURN_TYPE = YES_ERROR;
				GCC_WARN_UNDECLARED_SELECTOR = YES;
				GCC_WARN_UNINITIALIZED_AUTOS = YES_AGGRESSIVE;
				GCC_WARN_UNUSED_FUNCTION = YES;
				GCC_WARN_UNUSED_VARIABLE = YES;
				IPHONEOS_DEPLOYMENT_TARGET = 12.2;
				MTL_ENABLE_DEBUG_INFO = INCLUDE_SOURCE;
				MTL_FAST_MATH = YES;
				ONLY_ACTIVE_ARCH = YES;
				SDKROOT = iphoneos;
				SWIFT_ACTIVE_COMPILATION_CONDITIONS = DEBUG;
				SWIFT_OPTIMIZATION_LEVEL = "-Onone";
			};
			name = Debug;
		};
		F7AFB7F522A39CB300DE2D44 /* Release */ = {
			isa = XCBuildConfiguration;
			buildSettings = {
				ALWAYS_SEARCH_USER_PATHS = NO;
				CLANG_ANALYZER_NONNULL = YES;
				CLANG_ANALYZER_NUMBER_OBJECT_CONVERSION = YES_AGGRESSIVE;
				CLANG_CXX_LANGUAGE_STANDARD = "gnu++14";
				CLANG_CXX_LIBRARY = "libc++";
				CLANG_ENABLE_MODULES = YES;
				CLANG_ENABLE_OBJC_ARC = YES;
				CLANG_ENABLE_OBJC_WEAK = YES;
				CLANG_WARN_BLOCK_CAPTURE_AUTORELEASING = YES;
				CLANG_WARN_BOOL_CONVERSION = YES;
				CLANG_WARN_COMMA = YES;
				CLANG_WARN_CONSTANT_CONVERSION = YES;
				CLANG_WARN_DEPRECATED_OBJC_IMPLEMENTATIONS = YES;
				CLANG_WARN_DIRECT_OBJC_ISA_USAGE = YES_ERROR;
				CLANG_WARN_DOCUMENTATION_COMMENTS = YES;
				CLANG_WARN_EMPTY_BODY = YES;
				CLANG_WARN_ENUM_CONVERSION = YES;
				CLANG_WARN_INFINITE_RECURSION = YES;
				CLANG_WARN_INT_CONVERSION = YES;
				CLANG_WARN_NON_LITERAL_NULL_CONVERSION = YES;
				CLANG_WARN_OBJC_IMPLICIT_RETAIN_SELF = YES;
				CLANG_WARN_OBJC_LITERAL_CONVERSION = YES;
				CLANG_WARN_OBJC_ROOT_CLASS = YES_ERROR;
				CLANG_WARN_RANGE_LOOP_ANALYSIS = YES;
				CLANG_WARN_STRICT_PROTOTYPES = YES;
				CLANG_WARN_SUSPICIOUS_MOVE = YES;
				CLANG_WARN_UNGUARDED_AVAILABILITY = YES_AGGRESSIVE;
				CLANG_WARN_UNREACHABLE_CODE = YES;
				CLANG_WARN__DUPLICATE_METHOD_MATCH = YES;
				CODE_SIGN_IDENTITY = "iPhone Developer";
				COPY_PHASE_STRIP = NO;
				DEBUG_INFORMATION_FORMAT = "dwarf-with-dsym";
				ENABLE_NS_ASSERTIONS = NO;
				ENABLE_STRICT_OBJC_MSGSEND = YES;
				GCC_C_LANGUAGE_STANDARD = gnu11;
				GCC_NO_COMMON_BLOCKS = YES;
				GCC_WARN_64_TO_32_BIT_CONVERSION = YES;
				GCC_WARN_ABOUT_RETURN_TYPE = YES_ERROR;
				GCC_WARN_UNDECLARED_SELECTOR = YES;
				GCC_WARN_UNINITIALIZED_AUTOS = YES_AGGRESSIVE;
				GCC_WARN_UNUSED_FUNCTION = YES;
				GCC_WARN_UNUSED_VARIABLE = YES;
				IPHONEOS_DEPLOYMENT_TARGET = 12.2;
				MTL_ENABLE_DEBUG_INFO = NO;
				MTL_FAST_MATH = YES;
				SDKROOT = iphoneos;
				SWIFT_COMPILATION_MODE = wholemodule;
				SWIFT_OPTIMIZATION_LEVEL = "-O";
				VALIDATE_PRODUCT = YES;
			};
			name = Release;
		};
		F7AFB7F722A39CB300DE2D44 /* Debug */ = {
			isa = XCBuildConfiguration;
			buildSettings = {
				ASSETCATALOG_COMPILER_APPICON_NAME = AppIcon;
				CODE_SIGN_STYLE = Automatic;
				DEVELOPMENT_TEAM = MNJTVZMMVS;
				INFOPLIST_FILE = FloatingViewController/Info.plist;
				LD_RUNPATH_SEARCH_PATHS = (
					"$(inherited)",
					"@executable_path/Frameworks",
				);
				PRODUCT_BUNDLE_IDENTIFIER = com.cupful.FloatingViewController;
				PRODUCT_NAME = "$(TARGET_NAME)";
				SWIFT_VERSION = 5.0;
				TARGETED_DEVICE_FAMILY = "1,2";
			};
			name = Debug;
		};
		F7AFB7F822A39CB300DE2D44 /* Release */ = {
			isa = XCBuildConfiguration;
			buildSettings = {
				ASSETCATALOG_COMPILER_APPICON_NAME = AppIcon;
				CODE_SIGN_STYLE = Automatic;
				DEVELOPMENT_TEAM = MNJTVZMMVS;
				INFOPLIST_FILE = FloatingViewController/Info.plist;
				LD_RUNPATH_SEARCH_PATHS = (
					"$(inherited)",
					"@executable_path/Frameworks",
				);
				PRODUCT_BUNDLE_IDENTIFIER = com.cupful.FloatingViewController;
				PRODUCT_NAME = "$(TARGET_NAME)";
				SWIFT_VERSION = 5.0;
				TARGETED_DEVICE_FAMILY = "1,2";
			};
			name = Release;
		};
/* End XCBuildConfiguration section */

/* Begin XCConfigurationList section */
		F7AFB7DF22A39CB100DE2D44 /* Build configuration list for PBXProject "FloatingViewController" */ = {
			isa = XCConfigurationList;
			buildConfigurations = (
				F7AFB7F422A39CB300DE2D44 /* Debug */,
				F7AFB7F522A39CB300DE2D44 /* Release */,
			);
			defaultConfigurationIsVisible = 0;
			defaultConfigurationName = Release;
		};
		F7AFB7F622A39CB300DE2D44 /* Build configuration list for PBXNativeTarget "FloatingViewController" */ = {
			isa = XCConfigurationList;
			buildConfigurations = (
				F7AFB7F722A39CB300DE2D44 /* Debug */,
				F7AFB7F822A39CB300DE2D44 /* Release */,
			);
			defaultConfigurationIsVisible = 0;
			defaultConfigurationName = Release;
		};
/* End XCConfigurationList section */
	};
	rootObject = F7AFB7DC22A39CB100DE2D44 /* Project object */;
}
